
Microsoft Visual Studio Solution File, Format Version 12.00
# Visual Studio Version 16
VisualStudioVersion = 16.0.34601.136
MinimumVisualStudioVersion = 10.0.40219.1
Project("{FAE04EC0-301F-11D3-BF4B-00C04F79EFBC}") = "EX01 Correção - POOII", "EX01 Correção - POOII.csproj", "{D8396162-5413-408F-9CDE-528EF5E3D146}"
EndProject
Global
	GlobalSection(SolutionConfigurationPlatforms) = preSolution
		Debug|Any CPU = Debug|Any CPU
		Release|Any CPU = Release|Any CPU
	EndGlobalSection
	GlobalSection(ProjectConfigurationPlatforms) = postSolution
		{D8396162-5413-408F-9CDE-528EF5E3D146}.Debug|Any CPU.ActiveCfg = Debug|Any CPU
		{D8396162-5413-408F-9CDE-528EF5E3D146}.Debug|Any CPU.Build.0 = Debug|Any CPU
		{D8396162-5413-408F-9CDE-528EF5E3D146}.Release|Any CPU.ActiveCfg = Release|Any CPU
		{D8396162-5413-408F-9CDE-528EF5E3D146}.Release|Any CPU.Build.0 = Release|Any CPU
	EndGlobalSection
	GlobalSection(SolutionProperties) = preSolution
		HideSolutionNode = FALSE
	EndGlobalSection
	GlobalSection(ExtensibilityGlobals) = postSolution
		SolutionGuid = {213AE654-4482-4E49-A05A-A09FDF2E78AF}
	EndGlobalSection
EndGlobal
